// !$*UTF8*$!
{
	archiveVersion = 1;
	classes = {
	};
	objectVersion = 46;
	objects = {

/* Begin PBXBuildFile section */
		AFD8E7211BC963D700BCC80A /* solar.c in Sources */ = {isa = PBXBuildFile; fileRef = AFD8E71F1BC963D700BCC80A /* solar.c */; settings = {ASSET_TAGS = (); }; };
		AFD8E7281BCA6A3D00BCC80A /* brightness.c in Sources */ = {isa = PBXBuildFile; fileRef = AFD8E7261BCA6A3D00BCC80A /* brightness.c */; settings = {ASSET_TAGS = (); }; };
		B92DD5F91BB33DD700DC6E8F /* BackBoardServices.framework in Frameworks */ = {isa = PBXBuildFile; fileRef = B92DD5F81BB33DD700DC6E8F /* BackBoardServices.framework */; };
		B96BB64F1B38D96600F1C3AE /* GammaController.m in Sources */ = {isa = PBXBuildFile; fileRef = B96BB64E1B38D96600F1C3AE /* GammaController.m */; };
		B96BB6511B38DAF500F1C3AE /* Launch Screen.xib in Resources */ = {isa = PBXBuildFile; fileRef = B96BB6501B38DAF500F1C3AE /* Launch Screen.xib */; };
		B96BB6541B38DDA500F1C3AE /* IOKit.framework in Frameworks */ = {isa = PBXBuildFile; fileRef = B96BB6531B38DDA500F1C3AE /* IOKit.framework */; };
		B96BB6561B38DDB600F1C3AE /* IOMobileFramebuffer.framework in Frameworks */ = {isa = PBXBuildFile; fileRef = B96BB6551B38DDB600F1C3AE /* IOMobileFramebuffer.framework */; };
		B9B2BD3A1BA7B86000514B7A /* Storyboard.storyboard in Resources */ = {isa = PBXBuildFile; fileRef = B9B2BD391BA7B86000514B7A /* Storyboard.storyboard */; settings = {ASSET_TAGS = (); }; };
		B9DCA8881BBDF65900C449B0 /* SpringBoardServices.framework in Frameworks */ = {isa = PBXBuildFile; fileRef = B9DCA8871BBDF65900C449B0 /* SpringBoardServices.framework */; };
		B9E5364B1B38D90D0097BF90 /* main.m in Sources */ = {isa = PBXBuildFile; fileRef = B9E5364A1B38D90D0097BF90 /* main.m */; };
		B9E5364E1B38D90D0097BF90 /* AppDelegate.m in Sources */ = {isa = PBXBuildFile; fileRef = B9E5364D1B38D90D0097BF90 /* AppDelegate.m */; };
		B9E536511B38D90D0097BF90 /* MainViewController.m in Sources */ = {isa = PBXBuildFile; fileRef = B9E536501B38D90D0097BF90 /* MainViewController.m */; };
		B9E536561B38D90D0097BF90 /* Assets.xcassets in Resources */ = {isa = PBXBuildFile; fileRef = B9E536551B38D90D0097BF90 /* Assets.xcassets */; };
/* End PBXBuildFile section */

/* Begin PBXCopyFilesBuildPhase section */
		B9B6D3161BA636DA00A8E999 /* Embed App Extensions */ = {
			isa = PBXCopyFilesBuildPhase;
			buildActionMask = 2147483647;
			dstPath = "";
			dstSubfolderSpec = 13;
			files = (
			);
			name = "Embed App Extensions";
			runOnlyForDeploymentPostprocessing = 0;
		};
/* End PBXCopyFilesBuildPhase section */

/* Begin PBXFileReference section */
		AFD8E71F1BC963D700BCC80A /* solar.c */ = {isa = PBXFileReference; fileEncoding = 4; lastKnownFileType = sourcecode.c.c; path = solar.c; sourceTree = "<group>"; };
		AFD8E7201BC963D700BCC80A /* solar.h */ = {isa = PBXFileReference; fileEncoding = 4; lastKnownFileType = sourcecode.c.h; path = solar.h; sourceTree = "<group>"; };
		AFD8E7261BCA6A3D00BCC80A /* brightness.c */ = {isa = PBXFileReference; fileEncoding = 4; lastKnownFileType = sourcecode.c.c; name = brightness.c; path = libs/brightness/brightness.c; sourceTree = "<group>"; };
		AFD8E7271BCA6A3D00BCC80A /* brightness.h */ = {isa = PBXFileReference; fileEncoding = 4; lastKnownFileType = sourcecode.c.h; name = brightness.h; path = libs/brightness/brightness.h; sourceTree = "<group>"; };
		B92DD5F81BB33DD700DC6E8F /* BackBoardServices.framework */ = {isa = PBXFileReference; lastKnownFileType = wrapper.framework; name = BackBoardServices.framework; path = Platforms/iPhoneOS.platform/Developer/SDKs/iPhoneOS.sdk/System/Library/PrivateFrameworks/BackBoardServices.framework; sourceTree = DEVELOPER_DIR; };
		B96BB64D1B38D96600F1C3AE /* GammaController.h */ = {isa = PBXFileReference; fileEncoding = 4; lastKnownFileType = sourcecode.c.h; path = GammaController.h; sourceTree = "<group>"; };
		B96BB64E1B38D96600F1C3AE /* GammaController.m */ = {isa = PBXFileReference; fileEncoding = 4; lastKnownFileType = sourcecode.c.objc; path = GammaController.m; sourceTree = "<group>"; };
		B96BB6501B38DAF500F1C3AE /* Launch Screen.xib */ = {isa = PBXFileReference; fileEncoding = 4; lastKnownFileType = file.xib; path = "Launch Screen.xib"; sourceTree = "<group>"; };
		B96BB6531B38DDA500F1C3AE /* IOKit.framework */ = {isa = PBXFileReference; lastKnownFileType = wrapper.framework; name = IOKit.framework; path = Platforms/iPhoneOS.platform/Developer/SDKs/iPhoneOS.sdk/System/Library/Frameworks/IOKit.framework; sourceTree = DEVELOPER_DIR; };
		B96BB6551B38DDB600F1C3AE /* IOMobileFramebuffer.framework */ = {isa = PBXFileReference; lastKnownFileType = wrapper.framework; name = IOMobileFramebuffer.framework; path = Platforms/iPhoneOS.platform/Developer/SDKs/iPhoneOS.sdk/System/Library/PrivateFrameworks/IOMobileFramebuffer.framework; sourceTree = DEVELOPER_DIR; };
		B9B2BD391BA7B86000514B7A /* Storyboard.storyboard */ = {isa = PBXFileReference; fileEncoding = 4; lastKnownFileType = file.storyboard; path = Storyboard.storyboard; sourceTree = "<group>"; };
		B9B6D30A1BA636DA00A8E999 /* NotificationCenter.framework */ = {isa = PBXFileReference; lastKnownFileType = wrapper.framework; name = NotificationCenter.framework; path = System/Library/Frameworks/NotificationCenter.framework; sourceTree = SDKROOT; };
		B9DCA8871BBDF65900C449B0 /* SpringBoardServices.framework */ = {isa = PBXFileReference; lastKnownFileType = wrapper.framework; name = SpringBoardServices.framework; path = Platforms/iPhoneOS.platform/Developer/SDKs/iPhoneOS.sdk/System/Library/PrivateFrameworks/SpringBoardServices.framework; sourceTree = DEVELOPER_DIR; };
		B9E536461B38D90D0097BF90 /* GammaTest.app */ = {isa = PBXFileReference; explicitFileType = wrapper.application; includeInIndex = 0; path = GammaTest.app; sourceTree = BUILT_PRODUCTS_DIR; };
		B9E5364A1B38D90D0097BF90 /* main.m */ = {isa = PBXFileReference; lastKnownFileType = sourcecode.c.objc; path = main.m; sourceTree = "<group>"; };
		B9E5364C1B38D90D0097BF90 /* AppDelegate.h */ = {isa = PBXFileReference; lastKnownFileType = sourcecode.c.h; path = AppDelegate.h; sourceTree = "<group>"; };
		B9E5364D1B38D90D0097BF90 /* AppDelegate.m */ = {isa = PBXFileReference; lastKnownFileType = sourcecode.c.objc; path = AppDelegate.m; sourceTree = "<group>"; };
		B9E5364F1B38D90D0097BF90 /* MainViewController.h */ = {isa = PBXFileReference; lastKnownFileType = sourcecode.c.h; path = MainViewController.h; sourceTree = "<group>"; };
		B9E536501B38D90D0097BF90 /* MainViewController.m */ = {isa = PBXFileReference; lastKnownFileType = sourcecode.c.objc; path = MainViewController.m; sourceTree = "<group>"; };
		B9E536551B38D90D0097BF90 /* Assets.xcassets */ = {isa = PBXFileReference; lastKnownFileType = folder.assetcatalog; path = Assets.xcassets; sourceTree = "<group>"; };
		B9E5365A1B38D90D0097BF90 /* Info.plist */ = {isa = PBXFileReference; lastKnownFileType = text.plist.xml; path = Info.plist; sourceTree = "<group>"; };
		B9E536621B38D92C0097BF90 /* IOHIDDisplay.h */ = {isa = PBXFileReference; fileEncoding = 4; lastKnownFileType = sourcecode.c.h; path = IOHIDDisplay.h; sourceTree = "<group>"; };
		B9E536631B38D92C0097BF90 /* IOHIDEvent.h */ = {isa = PBXFileReference; fileEncoding = 4; lastKnownFileType = sourcecode.c.h; path = IOHIDEvent.h; sourceTree = "<group>"; };
		B9E536641B38D92C0097BF90 /* IOHIDEventData.h */ = {isa = PBXFileReference; fileEncoding = 4; lastKnownFileType = sourcecode.c.h; path = IOHIDEventData.h; sourceTree = "<group>"; };
		B9E536651B38D92C0097BF90 /* IOHIDEventQueue.h */ = {isa = PBXFileReference; fileEncoding = 4; lastKnownFileType = sourcecode.c.h; path = IOHIDEventQueue.h; sourceTree = "<group>"; };
		B9E536661B38D92C0097BF90 /* IOHIDEventSystem.h */ = {isa = PBXFileReference; fileEncoding = 4; lastKnownFileType = sourcecode.c.h; path = IOHIDEventSystem.h; sourceTree = "<group>"; };
		B9E536671B38D92C0097BF90 /* IOHIDEventSystemClient.h */ = {isa = PBXFileReference; fileEncoding = 4; lastKnownFileType = sourcecode.c.h; path = IOHIDEventSystemClient.h; sourceTree = "<group>"; };
		B9E536681B38D92C0097BF90 /* IOHIDEventTypes.h */ = {isa = PBXFileReference; fileEncoding = 4; lastKnownFileType = sourcecode.c.h; path = IOHIDEventTypes.h; sourceTree = "<group>"; };
		B9E536691B38D92C0097BF90 /* IOHIDNotification.h */ = {isa = PBXFileReference; fileEncoding = 4; lastKnownFileType = sourcecode.c.h; path = IOHIDNotification.h; sourceTree = "<group>"; };
		B9E5366A1B38D92C0097BF90 /* IOHIDService.h */ = {isa = PBXFileReference; fileEncoding = 4; lastKnownFileType = sourcecode.c.h; path = IOHIDService.h; sourceTree = "<group>"; };
		B9E5366B1B38D92C0097BF90 /* IOHIDSession.h */ = {isa = PBXFileReference; fileEncoding = 4; lastKnownFileType = sourcecode.c.h; path = IOHIDSession.h; sourceTree = "<group>"; };
		B9E5366C1B38D92C0097BF90 /* IOHIDUserDevice.h */ = {isa = PBXFileReference; fileEncoding = 4; lastKnownFileType = sourcecode.c.h; path = IOHIDUserDevice.h; sourceTree = "<group>"; };
		B9E5366D1B38D92C0097BF90 /* IOKit.h */ = {isa = PBXFileReference; fileEncoding = 4; lastKnownFileType = sourcecode.c.h; path = IOKit.h; sourceTree = "<group>"; };
		B9E5366E1B38D92C0097BF90 /* IOKitKeys.h */ = {isa = PBXFileReference; fileEncoding = 4; lastKnownFileType = sourcecode.c.h; path = IOKitKeys.h; sourceTree = "<group>"; };
		B9E5366F1B38D92C0097BF90 /* IOKitLib.h */ = {isa = PBXFileReference; fileEncoding = 4; lastKnownFileType = sourcecode.c.h; path = IOKitLib.h; sourceTree = "<group>"; };
		B9E536701B38D92C0097BF90 /* IOMessage.h */ = {isa = PBXFileReference; fileEncoding = 4; lastKnownFileType = sourcecode.c.h; path = IOMessage.h; sourceTree = "<group>"; };
		B9E536711B38D92C0097BF90 /* IOReturn.h */ = {isa = PBXFileReference; fileEncoding = 4; lastKnownFileType = sourcecode.c.h; path = IOReturn.h; sourceTree = "<group>"; };
		B9E536721B38D92C0097BF90 /* IOTypes.h */ = {isa = PBXFileReference; fileEncoding = 4; lastKnownFileType = sourcecode.c.h; path = IOTypes.h; sourceTree = "<group>"; };
		B9E536731B38D92C0097BF90 /* OSKext.h */ = {isa = PBXFileReference; fileEncoding = 4; lastKnownFileType = sourcecode.c.h; path = OSKext.h; sourceTree = "<group>"; };
		B9E536741B38D92C0097BF90 /* OSMessageNotification.h */ = {isa = PBXFileReference; fileEncoding = 4; lastKnownFileType = sourcecode.c.h; path = OSMessageNotification.h; sourceTree = "<group>"; };
		B9E536761B38D92C0097BF90 /* IOPowerSources.h */ = {isa = PBXFileReference; fileEncoding = 4; lastKnownFileType = sourcecode.c.h; path = IOPowerSources.h; sourceTree = "<group>"; };
		B9E536771B38D92C0097BF90 /* IOPSKeys.h */ = {isa = PBXFileReference; fileEncoding = 4; lastKnownFileType = sourcecode.c.h; path = IOPSKeys.h; sourceTree = "<group>"; };
		B9E536781B38D92C0097BF90 /* IOUPSPlugIn.h */ = {isa = PBXFileReference; fileEncoding = 4; lastKnownFileType = sourcecode.c.h; path = IOUPSPlugIn.h; sourceTree = "<group>"; };
		B9E5367A1B38D92C0097BF90 /* IOPM.h */ = {isa = PBXFileReference; fileEncoding = 4; lastKnownFileType = sourcecode.c.h; path = IOPM.h; sourceTree = "<group>"; };
		B9E5367B1B38D92C0097BF90 /* IOPMKeys.h */ = {isa = PBXFileReference; fileEncoding = 4; lastKnownFileType = sourcecode.c.h; path = IOPMKeys.h; sourceTree = "<group>"; };
		B9E5367C1B38D92C0097BF90 /* IOPMLib.h */ = {isa = PBXFileReference; fileEncoding = 4; lastKnownFileType = sourcecode.c.h; path = IOPMLib.h; sourceTree = "<group>"; };
		B9E5367D1B38D92C0097BF90 /* IOPMLibDefs.h */ = {isa = PBXFileReference; fileEncoding = 4; lastKnownFileType = sourcecode.c.h; path = IOPMLibDefs.h; sourceTree = "<group>"; };
/* End PBXFileReference section */

/* Begin PBXFrameworksBuildPhase section */
		B9E536431B38D90D0097BF90 /* Frameworks */ = {
			isa = PBXFrameworksBuildPhase;
			buildActionMask = 2147483647;
			files = (
				B9DCA8881BBDF65900C449B0 /* SpringBoardServices.framework in Frameworks */,
				B92DD5F91BB33DD700DC6E8F /* BackBoardServices.framework in Frameworks */,
				B96BB6541B38DDA500F1C3AE /* IOKit.framework in Frameworks */,
				B96BB6561B38DDB600F1C3AE /* IOMobileFramebuffer.framework in Frameworks */,
			);
			runOnlyForDeploymentPostprocessing = 0;
		};
/* End PBXFrameworksBuildPhase section */

/* Begin PBXGroup section */
		AFD8E7241BCA69CC00BCC80A /* libs */ = {
			isa = PBXGroup;
			children = (
				AFD8E7251BCA69D600BCC80A /* solar */,
				AFD8E7291BCA6A4300BCC80A /* brightness */,
			);
			name = libs;
			sourceTree = "<group>";
		};
		AFD8E7251BCA69D600BCC80A /* solar */ = {
			isa = PBXGroup;
			children = (
				AFD8E71F1BC963D700BCC80A /* solar.c */,
				AFD8E7201BC963D700BCC80A /* solar.h */,
			);
			name = solar;
			sourceTree = "<group>";
		};
		AFD8E7291BCA6A4300BCC80A /* brightness */ = {
			isa = PBXGroup;
			children = (
				AFD8E7271BCA6A3D00BCC80A /* brightness.h */,
				AFD8E7261BCA6A3D00BCC80A /* brightness.c */,
			);
			name = brightness;
			sourceTree = "<group>";
		};
		B96BB6571B38DE2700F1C3AE /* Frameworks */ = {
			isa = PBXGroup;
			children = (
				B9DCA8871BBDF65900C449B0 /* SpringBoardServices.framework */,
				B92DD5F81BB33DD700DC6E8F /* BackBoardServices.framework */,
				B96BB6551B38DDB600F1C3AE /* IOMobileFramebuffer.framework */,
				B96BB6531B38DDA500F1C3AE /* IOKit.framework */,
				B9B6D30A1BA636DA00A8E999 /* NotificationCenter.framework */,
			);
			name = Frameworks;
			path = ..;
			sourceTree = "<group>";
		};
		B9E5363D1B38D90D0097BF90 = {
			isa = PBXGroup;
			children = (
				B9E536481B38D90D0097BF90 /* GammaTest */,
				B9E536471B38D90D0097BF90 /* Products */,
			);
			sourceTree = "<group>";
		};
		B9E536471B38D90D0097BF90 /* Products */ = {
			isa = PBXGroup;
			children = (
				B9E536461B38D90D0097BF90 /* GammaTest.app */,
			);
			name = Products;
			sourceTree = "<group>";
		};
		B9E536481B38D90D0097BF90 /* GammaTest */ = {
			isa = PBXGroup;
			children = (
				AFD8E7241BCA69CC00BCC80A /* libs */,
				B9E5364C1B38D90D0097BF90 /* AppDelegate.h */,
				B9E5364D1B38D90D0097BF90 /* AppDelegate.m */,
				B9E5364F1B38D90D0097BF90 /* MainViewController.h */,
				B9E536501B38D90D0097BF90 /* MainViewController.m */,
				B96BB64D1B38D96600F1C3AE /* GammaController.h */,
				B96BB64E1B38D96600F1C3AE /* GammaController.m */,
				B96BB6501B38DAF500F1C3AE /* Launch Screen.xib */,
				B9B2BD391BA7B86000514B7A /* Storyboard.storyboard */,
				B9E536551B38D90D0097BF90 /* Assets.xcassets */,
				B9E5365A1B38D90D0097BF90 /* Info.plist */,
				B9E536601B38D92C0097BF90 /* IOKit Headers */,
				B9E536491B38D90D0097BF90 /* Supporting Files */,
			);
			path = GammaTest;
			sourceTree = "<group>";
		};
		B9E536491B38D90D0097BF90 /* Supporting Files */ = {
			isa = PBXGroup;
			children = (
				B96BB6571B38DE2700F1C3AE /* Frameworks */,
				B9E5364A1B38D90D0097BF90 /* main.m */,
			);
			name = "Supporting Files";
			sourceTree = "<group>";
		};
		B9E536601B38D92C0097BF90 /* IOKit Headers */ = {
			isa = PBXGroup;
			children = (
				B9E536611B38D92C0097BF90 /* hid */,
				B9E5366D1B38D92C0097BF90 /* IOKit.h */,
				B9E5366E1B38D92C0097BF90 /* IOKitKeys.h */,
				B9E5366F1B38D92C0097BF90 /* IOKitLib.h */,
				B9E536701B38D92C0097BF90 /* IOMessage.h */,
				B9E536711B38D92C0097BF90 /* IOReturn.h */,
				B9E536721B38D92C0097BF90 /* IOTypes.h */,
				B9E536731B38D92C0097BF90 /* OSKext.h */,
				B9E536741B38D92C0097BF90 /* OSMessageNotification.h */,
				B9E536751B38D92C0097BF90 /* ps */,
				B9E536791B38D92C0097BF90 /* pwr_mgt */,
			);
			name = "IOKit Headers";
			path = "../IOKit Headers";
			sourceTree = "<group>";
		};
		B9E536611B38D92C0097BF90 /* hid */ = {
			isa = PBXGroup;
			children = (
				B9E536621B38D92C0097BF90 /* IOHIDDisplay.h */,
				B9E536631B38D92C0097BF90 /* IOHIDEvent.h */,
				B9E536641B38D92C0097BF90 /* IOHIDEventData.h */,
				B9E536651B38D92C0097BF90 /* IOHIDEventQueue.h */,
				B9E536661B38D92C0097BF90 /* IOHIDEventSystem.h */,
				B9E536671B38D92C0097BF90 /* IOHIDEventSystemClient.h */,
				B9E536681B38D92C0097BF90 /* IOHIDEventTypes.h */,
				B9E536691B38D92C0097BF90 /* IOHIDNotification.h */,
				B9E5366A1B38D92C0097BF90 /* IOHIDService.h */,
				B9E5366B1B38D92C0097BF90 /* IOHIDSession.h */,
				B9E5366C1B38D92C0097BF90 /* IOHIDUserDevice.h */,
			);
			path = hid;
			sourceTree = "<group>";
		};
		B9E536751B38D92C0097BF90 /* ps */ = {
			isa = PBXGroup;
			children = (
				B9E536761B38D92C0097BF90 /* IOPowerSources.h */,
				B9E536771B38D92C0097BF90 /* IOPSKeys.h */,
				B9E536781B38D92C0097BF90 /* IOUPSPlugIn.h */,
			);
			path = ps;
			sourceTree = "<group>";
		};
		B9E536791B38D92C0097BF90 /* pwr_mgt */ = {
			isa = PBXGroup;
			children = (
				B9E5367A1B38D92C0097BF90 /* IOPM.h */,
				B9E5367B1B38D92C0097BF90 /* IOPMKeys.h */,
				B9E5367C1B38D92C0097BF90 /* IOPMLib.h */,
				B9E5367D1B38D92C0097BF90 /* IOPMLibDefs.h */,
			);
			path = pwr_mgt;
			sourceTree = "<group>";
		};
/* End PBXGroup section */

/* Begin PBXNativeTarget section */
		B9E536451B38D90D0097BF90 /* GammaTest */ = {
			isa = PBXNativeTarget;
			buildConfigurationList = B9E5365D1B38D90D0097BF90 /* Build configuration list for PBXNativeTarget "GammaTest" */;
			buildPhases = (
				B9E536421B38D90D0097BF90 /* Sources */,
				B9E536431B38D90D0097BF90 /* Frameworks */,
				B9E536441B38D90D0097BF90 /* Resources */,
				B9B6D3161BA636DA00A8E999 /* Embed App Extensions */,
			);
			buildRules = (
			);
			dependencies = (
			);
			name = GammaTest;
			productName = GammaTest;
			productReference = B9E536461B38D90D0097BF90 /* GammaTest.app */;
			productType = "com.apple.product-type.application";
		};
/* End PBXNativeTarget section */

/* Begin PBXProject section */
		B9E5363E1B38D90D0097BF90 /* Project object */ = {
			isa = PBXProject;
			attributes = {
				LastUpgradeCheck = 0700;
				ORGANIZATIONNAME = "Thomas Finch";
				TargetAttributes = {
					B9E536451B38D90D0097BF90 = {
						CreatedOnToolsVersion = 7.0;
						DevelopmentTeam = 672XA4DY73;
						SystemCapabilities = {
							com.apple.BackgroundModes = {
								enabled = 1;
							};
						};
					};
				};
			};
			buildConfigurationList = B9E536411B38D90D0097BF90 /* Build configuration list for PBXProject "GammaTest" */;
			compatibilityVersion = "Xcode 3.2";
			developmentRegion = English;
			hasScannedForEncodings = 0;
			knownRegions = (
				en,
				Base,
			);
			mainGroup = B9E5363D1B38D90D0097BF90;
			productRefGroup = B9E536471B38D90D0097BF90 /* Products */;
			projectDirPath = "";
			projectRoot = "";
			targets = (
				B9E536451B38D90D0097BF90 /* GammaTest */,
			);
		};
/* End PBXProject section */

/* Begin PBXResourcesBuildPhase section */
		B9E536441B38D90D0097BF90 /* Resources */ = {
			isa = PBXResourcesBuildPhase;
			buildActionMask = 2147483647;
			files = (
				B9E536561B38D90D0097BF90 /* Assets.xcassets in Resources */,
				B96BB6511B38DAF500F1C3AE /* Launch Screen.xib in Resources */,
				B9B2BD3A1BA7B86000514B7A /* Storyboard.storyboard in Resources */,
			);
			runOnlyForDeploymentPostprocessing = 0;
		};
/* End PBXResourcesBuildPhase section */

/* Begin PBXSourcesBuildPhase section */
		B9E536421B38D90D0097BF90 /* Sources */ = {
			isa = PBXSourcesBuildPhase;
			buildActionMask = 2147483647;
			files = (
				B9E536511B38D90D0097BF90 /* MainViewController.m in Sources */,
				B9E5364E1B38D90D0097BF90 /* AppDelegate.m in Sources */,
				AFD8E7211BC963D700BCC80A /* solar.c in Sources */,
				B9E5364B1B38D90D0097BF90 /* main.m in Sources */,
				AFD8E7281BCA6A3D00BCC80A /* brightness.c in Sources */,
				B96BB64F1B38D96600F1C3AE /* GammaController.m in Sources */,
			);
			runOnlyForDeploymentPostprocessing = 0;
		};
/* End PBXSourcesBuildPhase section */

/* Begin XCBuildConfiguration section */
		B9E5365B1B38D90D0097BF90 /* Debug */ = {
			isa = XCBuildConfiguration;
			buildSettings = {
				ALWAYS_SEARCH_USER_PATHS = NO;
				CLANG_CXX_LANGUAGE_STANDARD = "gnu++0x";
				CLANG_CXX_LIBRARY = "libc++";
				CLANG_ENABLE_MODULES = YES;
				CLANG_ENABLE_OBJC_ARC = YES;
				CLANG_WARN_BOOL_CONVERSION = YES;
				CLANG_WARN_CONSTANT_CONVERSION = YES;
				CLANG_WARN_DIRECT_OBJC_ISA_USAGE = YES_ERROR;
				CLANG_WARN_EMPTY_BODY = YES;
				CLANG_WARN_ENUM_CONVERSION = YES;
				CLANG_WARN_INT_CONVERSION = YES;
				CLANG_WARN_OBJC_ROOT_CLASS = YES_ERROR;
				CLANG_WARN_UNREACHABLE_CODE = YES;
				CLANG_WARN__DUPLICATE_METHOD_MATCH = YES;
				"CODE_SIGN_IDENTITY[sdk=iphoneos*]" = "iPhone Developer";
				COPY_PHASE_STRIP = NO;
				DEBUG_INFORMATION_FORMAT = dwarf;
				ENABLE_STRICT_OBJC_MSGSEND = YES;
				ENABLE_TESTABILITY = YES;
				GCC_C_LANGUAGE_STANDARD = gnu99;
				GCC_DYNAMIC_NO_PIC = NO;
				GCC_NO_COMMON_BLOCKS = YES;
				GCC_OPTIMIZATION_LEVEL = 0;
				GCC_PREPROCESSOR_DEFINITIONS = (
					"DEBUG=1",
					"$(inherited)",
				);
				GCC_WARN_64_TO_32_BIT_CONVERSION = YES;
				GCC_WARN_ABOUT_RETURN_TYPE = YES_ERROR;
				GCC_WARN_UNDECLARED_SELECTOR = YES;
				GCC_WARN_UNINITIALIZED_AUTOS = YES_AGGRESSIVE;
				GCC_WARN_UNUSED_FUNCTION = YES;
				GCC_WARN_UNUSED_VARIABLE = YES;
				IPHONEOS_DEPLOYMENT_TARGET = 8.0;
				MTL_ENABLE_DEBUG_INFO = YES;
				ONLY_ACTIVE_ARCH = YES;
				SDKROOT = iphoneos;
			};
			name = Debug;
		};
		B9E5365C1B38D90D0097BF90 /* Release */ = {
			isa = XCBuildConfiguration;
			buildSettings = {
				ALWAYS_SEARCH_USER_PATHS = NO;
				CLANG_CXX_LANGUAGE_STANDARD = "gnu++0x";
				CLANG_CXX_LIBRARY = "libc++";
				CLANG_ENABLE_MODULES = YES;
				CLANG_ENABLE_OBJC_ARC = YES;
				CLANG_WARN_BOOL_CONVERSION = YES;
				CLANG_WARN_CONSTANT_CONVERSION = YES;
				CLANG_WARN_DIRECT_OBJC_ISA_USAGE = YES_ERROR;
				CLANG_WARN_EMPTY_BODY = YES;
				CLANG_WARN_ENUM_CONVERSION = YES;
				CLANG_WARN_INT_CONVERSION = YES;
				CLANG_WARN_OBJC_ROOT_CLASS = YES_ERROR;
				CLANG_WARN_UNREACHABLE_CODE = YES;
				CLANG_WARN__DUPLICATE_METHOD_MATCH = YES;
				"CODE_SIGN_IDENTITY[sdk=iphoneos*]" = "iPhone Developer";
				COPY_PHASE_STRIP = NO;
				DEBUG_INFORMATION_FORMAT = "dwarf-with-dsym";
				ENABLE_NS_ASSERTIONS = NO;
				ENABLE_STRICT_OBJC_MSGSEND = YES;
				GCC_C_LANGUAGE_STANDARD = gnu99;
				GCC_NO_COMMON_BLOCKS = YES;
				GCC_WARN_64_TO_32_BIT_CONVERSION = YES;
				GCC_WARN_ABOUT_RETURN_TYPE = YES_ERROR;
				GCC_WARN_UNDECLARED_SELECTOR = YES;
				GCC_WARN_UNINITIALIZED_AUTOS = YES_AGGRESSIVE;
				GCC_WARN_UNUSED_FUNCTION = YES;
				GCC_WARN_UNUSED_VARIABLE = YES;
				IPHONEOS_DEPLOYMENT_TARGET = 8.0;
				MTL_ENABLE_DEBUG_INFO = NO;
				SDKROOT = iphoneos;
				VALIDATE_PRODUCT = YES;
			};
			name = Release;
		};
		B9E5365E1B38D90D0097BF90 /* Debug */ = {
			isa = XCBuildConfiguration;
			buildSettings = {
				ARCHS = armv7;
				ASSETCATALOG_COMPILER_APPICON_NAME = AppIcon;
				CODE_SIGN_IDENTITY = "iPhone Developer";
				"CODE_SIGN_IDENTITY[sdk=iphoneos*]" = "iPhone Developer";
				FRAMEWORK_SEARCH_PATHS = (
					"$(inherited)",
					"$(DEVELOPER_DIR)/Platforms/iPhoneOS.platform/Developer/SDKs/iPhoneOS.sdk/System/Library/Frameworks",
					"$(DEVELOPER_DIR)/Platforms/iPhoneOS.platform/Developer/SDKs/iPhoneOS.sdk/System/Library/PrivateFrameworks",
				);
				INFOPLIST_FILE = GammaTest/Info.plist;
				IPHONEOS_DEPLOYMENT_TARGET = 7.0;
				LD_RUNPATH_SEARCH_PATHS = "$(inherited) @executable_path/Frameworks";
				PRODUCT_BUNDLE_IDENTIFIER = me.caspercl.GammaTest;
				PRODUCT_NAME = "$(TARGET_NAME)";
				PROVISIONING_PROFILE = "";
				TARGETED_DEVICE_FAMILY = "1,2";
			};
			name = Debug;
		};
		B9E5365F1B38D90D0097BF90 /* Release */ = {
			isa = XCBuildConfiguration;
			buildSettings = {
				ARCHS = armv7;
				ASSETCATALOG_COMPILER_APPICON_NAME = AppIcon;
				CODE_SIGN_IDENTITY = "iPhone Developer";
				"CODE_SIGN_IDENTITY[sdk=iphoneos*]" = "iPhone Developer";
				FRAMEWORK_SEARCH_PATHS = (
					"$(inherited)",
					"$(DEVELOPER_DIR)/Platforms/iPhoneOS.platform/Developer/SDKs/iPhoneOS.sdk/System/Library/Frameworks",
					"$(DEVELOPER_DIR)/Platforms/iPhoneOS.platform/Developer/SDKs/iPhoneOS.sdk/System/Library/PrivateFrameworks",
				);
				INFOPLIST_FILE = GammaTest/Info.plist;
				IPHONEOS_DEPLOYMENT_TARGET = 7.0;
				LD_RUNPATH_SEARCH_PATHS = "$(inherited) @executable_path/Frameworks";
				PRODUCT_BUNDLE_IDENTIFIER = me.caspercl.GammaTest;
				PRODUCT_NAME = "$(TARGET_NAME)";
				PROVISIONING_PROFILE = "";
				TARGETED_DEVICE_FAMILY = "1,2";
			};
			name = Release;
		};
/* End XCBuildConfiguration section */

/* Begin XCConfigurationList section */
		B9E536411B38D90D0097BF90 /* Build configuration list for PBXProject "GammaTest" */ = {
			isa = XCConfigurationList;
			buildConfigurations = (
				B9E5365B1B38D90D0097BF90 /* Debug */,
				B9E5365C1B38D90D0097BF90 /* Release */,
			);
			defaultConfigurationIsVisible = 0;
			defaultConfigurationName = Release;
		};
		B9E5365D1B38D90D0097BF90 /* Build configuration list for PBXNativeTarget "GammaTest" */ = {
			isa = XCConfigurationList;
			buildConfigurations = (
				B9E5365E1B38D90D0097BF90 /* Debug */,
				B9E5365F1B38D90D0097BF90 /* Release */,
			);
			defaultConfigurationIsVisible = 0;
			defaultConfigurationName = Release;
		};
/* End XCConfigurationList section */
	};
	rootObject = B9E5363E1B38D90D0097BF90 /* Project object */;
}
